{
  "name": "calla",
  "version": "0.10.3",
  "lockfileVersion": 1,
  "requires": true,
  "dependencies": {
    "three": {
      "version": "0.120.1",
      "resolved": "https://registry.npmjs.org/three/-/three-0.120.1.tgz",
      "integrity": "sha512-ktaCRFUR7JUZcKec+cBRz+oBex5pOVaJhrtxvFF2T7on53o9UkEux+/Nh1g/4zeb4t/pbxIFcADbn/ACu3LC1g==",
      "dev": true
    }
  }
}
