
Microsoft Visual Studio Solution File, Format Version 12.00
# Visual Studio Version 16
VisualStudioVersion = 16.0.29806.167
MinimumVisualStudioVersion = 10.0.40219.1
Project("{E24C65DC-7377-472B-9ABA-BC803B73C61A}") = "web", "web\", "{D831E8C3-B004-4E44-8333-C3A998D47607}"
	ProjectSection(WebsiteProperties) = preProject
		TargetFrameworkMoniker = ".NETFramework,Version%3Dv4.0"
		Debug.AspNetCompiler.VirtualPath = "/localhost_55160"
		Debug.AspNetCompiler.PhysicalPath = "web\"
		Debug.AspNetCompiler.TargetPath = "PrecompiledWeb\localhost_55160\"
		Debug.AspNetCompiler.Updateable = "true"
		Debug.AspNetCompiler.ForceOverwrite = "true"
		Debug.AspNetCompiler.FixedNames = "false"
		Debug.AspNetCompiler.Debug = "True"
		Release.AspNetCompiler.VirtualPath = "/localhost_55160"
		Release.AspNetCompiler.PhysicalPath = "web\"
		Release.AspNetCompiler.TargetPath = "PrecompiledWeb\localhost_55160\"
		Release.AspNetCompiler.Updateable = "true"
		Release.AspNetCompiler.ForceOverwrite = "true"
		Release.AspNetCompiler.FixedNames = "false"
		Release.AspNetCompiler.Debug = "False"
		VWDPort = "55160"
		SlnRelativePath = "web\"
	EndProjectSection
EndProject
Project("{E24C65DC-7377-472B-9ABA-BC803B73C61A}") = "Calla", ".", "{EF2597A7-0B4C-4883-B8CC-CAB2BE005A12}"
	ProjectSection(WebsiteProperties) = preProject
		TargetFrameworkMoniker = ".NETFramework,Version%3Dv4.0"
		Debug.AspNetCompiler.VirtualPath = "/localhost_55518"
		Debug.AspNetCompiler.PhysicalPath = "..\Calla\"
		Debug.AspNetCompiler.TargetPath = "PrecompiledWeb\localhost_55518\"
		Debug.AspNetCompiler.Updateable = "true"
		Debug.AspNetCompiler.ForceOverwrite = "true"
		Debug.AspNetCompiler.FixedNames = "false"
		Debug.AspNetCompiler.Debug = "True"
		Release.AspNetCompiler.VirtualPath = "/localhost_55518"
		Release.AspNetCompiler.PhysicalPath = "..\Calla\"
		Release.AspNetCompiler.TargetPath = "PrecompiledWeb\localhost_55518\"
		Release.AspNetCompiler.Updateable = "true"
		Release.AspNetCompiler.ForceOverwrite = "true"
		Release.AspNetCompiler.FixedNames = "false"
		Release.AspNetCompiler.Debug = "False"
		VWDPort = "55518"
		SlnRelativePath = "..\Calla\"
	EndProjectSection
EndProject
Global
	GlobalSection(SolutionConfigurationPlatforms) = preSolution
		Debug|Any CPU = Debug|Any CPU
		Release|Any CPU = Release|Any CPU
	EndGlobalSection
	GlobalSection(ProjectConfigurationPlatforms) = postSolution
		{D831E8C3-B004-4E44-8333-C3A998D47607}.Debug|Any CPU.ActiveCfg = Debug|Any CPU
		{D831E8C3-B004-4E44-8333-C3A998D47607}.Debug|Any CPU.Build.0 = Debug|Any CPU
		{D831E8C3-B004-4E44-8333-C3A998D47607}.Release|Any CPU.ActiveCfg = Debug|Any CPU
		{D831E8C3-B004-4E44-8333-C3A998D47607}.Release|Any CPU.Build.0 = Debug|Any CPU
		{EF2597A7-0B4C-4883-B8CC-CAB2BE005A12}.Debug|Any CPU.ActiveCfg = Debug|Any CPU
		{EF2597A7-0B4C-4883-B8CC-CAB2BE005A12}.Debug|Any CPU.Build.0 = Debug|Any CPU
		{EF2597A7-0B4C-4883-B8CC-CAB2BE005A12}.Release|Any CPU.ActiveCfg = Debug|Any CPU
		{EF2597A7-0B4C-4883-B8CC-CAB2BE005A12}.Release|Any CPU.Build.0 = Debug|Any CPU
	EndGlobalSection
	GlobalSection(SolutionProperties) = preSolution
		HideSolutionNode = FALSE
	EndGlobalSection
	GlobalSection(ExtensibilityGlobals) = postSolution
		SolutionGuid = {A674742F-41D2-4DF0-99AD-1151DF5081E2}
	EndGlobalSection
EndGlobal
