
Microsoft Visual Studio Solution File, Format Version 12.00
# Visual Studio Version 16
VisualStudioVersion = 16.0.29806.167
MinimumVisualStudioVersion = 10.0.40219.1
Project("{9A19103F-16F7-4668-BE54-9A1E7A4F7556}") = "Calla-Site", "Calla-Site\Calla-Site.csproj", "{A272E105-63BA-4045-8467-D4ECC7B69ADA}"
EndProject
Project("{9A19103F-16F7-4668-BE54-9A1E7A4F7556}") = "Calla", "Calla\Calla.csproj", "{90C91FA6-DE75-470B-BDDB-E939F0696FD9}"
EndProject
Project("{9A19103F-16F7-4668-BE54-9A1E7A4F7556}") = "Kudzu", "Kudzu\Kudzu.csproj", "{D3EFCB36-2567-4AD8-BBF0-62B43F567500}"
EndProject
Project("{2150E333-8FDC-42A3-9474-1A3956D46DE8}") = "Solution Items", "Solution Items", "{E9ABCC70-2529-448D-ACE2-C9EEA9AAD49D}"
	ProjectSection(SolutionItems) = preProject
		Directory.Build.props = Directory.Build.props
		Directory.Build.targets = Directory.Build.targets
	EndProjectSection
EndProject
Project("{E24C65DC-7377-472B-9ABA-BC803B73C61A}") = "MyRollup", "MyRollup\", "{515F5032-F1D9-4304-9073-E77176E89969}"
	ProjectSection(WebsiteProperties) = preProject
		TargetFrameworkMoniker = ".NETFramework,Version%3Dv4.0"
		Debug.AspNetCompiler.VirtualPath = "/localhost_49836"
		Debug.AspNetCompiler.PhysicalPath = "MyRollup\"
		Debug.AspNetCompiler.TargetPath = "PrecompiledWeb\localhost_49836\"
		Debug.AspNetCompiler.Updateable = "true"
		Debug.AspNetCompiler.ForceOverwrite = "true"
		Debug.AspNetCompiler.FixedNames = "false"
		Debug.AspNetCompiler.Debug = "True"
		Release.AspNetCompiler.VirtualPath = "/localhost_49836"
		Release.AspNetCompiler.PhysicalPath = "MyRollup\"
		Release.AspNetCompiler.TargetPath = "PrecompiledWeb\localhost_49836\"
		Release.AspNetCompiler.Updateable = "true"
		Release.AspNetCompiler.ForceOverwrite = "true"
		Release.AspNetCompiler.FixedNames = "false"
		Release.AspNetCompiler.Debug = "False"
		VWDPort = "49836"
	EndProjectSection
EndProject
Global
	GlobalSection(SolutionConfigurationPlatforms) = preSolution
		Debug|Any CPU = Debug|Any CPU
		Release|Any CPU = Release|Any CPU
	EndGlobalSection
	GlobalSection(ProjectConfigurationPlatforms) = postSolution
		{A272E105-63BA-4045-8467-D4ECC7B69ADA}.Debug|Any CPU.ActiveCfg = Debug|Any CPU
		{A272E105-63BA-4045-8467-D4ECC7B69ADA}.Debug|Any CPU.Build.0 = Debug|Any CPU
		{A272E105-63BA-4045-8467-D4ECC7B69ADA}.Release|Any CPU.ActiveCfg = Release|Any CPU
		{A272E105-63BA-4045-8467-D4ECC7B69ADA}.Release|Any CPU.Build.0 = Release|Any CPU
		{90C91FA6-DE75-470B-BDDB-E939F0696FD9}.Debug|Any CPU.ActiveCfg = Debug|Any CPU
		{90C91FA6-DE75-470B-BDDB-E939F0696FD9}.Debug|Any CPU.Build.0 = Debug|Any CPU
		{90C91FA6-DE75-470B-BDDB-E939F0696FD9}.Release|Any CPU.ActiveCfg = Release|Any CPU
		{90C91FA6-DE75-470B-BDDB-E939F0696FD9}.Release|Any CPU.Build.0 = Release|Any CPU
		{D3EFCB36-2567-4AD8-BBF0-62B43F567500}.Debug|Any CPU.ActiveCfg = Debug|Any CPU
		{D3EFCB36-2567-4AD8-BBF0-62B43F567500}.Debug|Any CPU.Build.0 = Debug|Any CPU
		{D3EFCB36-2567-4AD8-BBF0-62B43F567500}.Release|Any CPU.ActiveCfg = Release|Any CPU
		{D3EFCB36-2567-4AD8-BBF0-62B43F567500}.Release|Any CPU.Build.0 = Release|Any CPU
		{515F5032-F1D9-4304-9073-E77176E89969}.Debug|Any CPU.ActiveCfg = Debug|Any CPU
		{515F5032-F1D9-4304-9073-E77176E89969}.Debug|Any CPU.Build.0 = Debug|Any CPU
		{515F5032-F1D9-4304-9073-E77176E89969}.Release|Any CPU.ActiveCfg = Debug|Any CPU
		{515F5032-F1D9-4304-9073-E77176E89969}.Release|Any CPU.Build.0 = Debug|Any CPU
	EndGlobalSection
	GlobalSection(SolutionProperties) = preSolution
		HideSolutionNode = FALSE
	EndGlobalSection
	GlobalSection(ExtensibilityGlobals) = postSolution
		SolutionGuid = {A674742F-41D2-4DF0-99AD-1151DF5081E2}
	EndGlobalSection
EndGlobal
