{
  "name": "testassemblyscript",
  "version": "0.0.1",
  "lockfileVersion": 2,
  "requires": true,
  "packages": {
    "": {
      "name": "testassemblyscript",
      "version": "0.0.1",
      "dependencies": {
        "@types/node": "^14.14.22",
        "calla": "file:../Calla",
        "kudzu": "file:../Kudzu"
      },
      "devDependencies": {
        "assemblyscript": "^0.18.8",
        "my-rollup": "file:../MyRollup",
        "rollup-plugin-assemblyscript": "^1.3.0",
        "typescript": "^4.1.3"
      }
    },
    "../Calla": {
      "name": "calla",
      "version": "1.0.0",
      "license": "MIT",
      "dependencies": {
        "gl-matrix": "^3.3.0",
        "kudzu": "file:../Kudzu"
      },
      "devDependencies": {
        "my-rollup": "file:../MyRollup",
        "typescript": "^4.1.3"
      }
    },
    "../Kudzu": {
      "name": "kudzu",
      "version": "1.0.0",
      "dependencies": {
        "gl-matrix": "^3.3.0"
      },
      "devDependencies": {
        "typescript": "^4.1.3"
      }
    },
    "../MyRollup": {
      "name": "my-rollup",
      "version": "1.0.0",
      "dev": true,
      "dependencies": {
        "@rollup/plugin-commonjs": "^17.1.0",
        "@rollup/plugin-json": "^4.1.0",
        "@rollup/plugin-node-resolve": "^11.1.1",
        "@rollup/plugin-replace": "^2.3.4",
        "rollup": "^2.38.5",
        "rollup-plugin-glslify": "^1.2.0",
        "rollup-plugin-sourcemaps": "^0.6.3",
        "rollup-plugin-terser": "^7.0.2"
      }
    },
    "node_modules/@types/node": {
      "version": "14.14.27",
      "resolved": "https://registry.npmjs.org/@types/node/-/node-14.14.27.tgz",
      "integrity": "sha512-Ecfmo4YDQPwuqTCl1yBxLV5ihKfRlkBmzUEDcfIRvDxOTGQEeikr317Ln7Gcv0tjA8dVgKI3rniqW2G1OyKDng=="
    },
    "node_modules/assemblyscript": {
      "version": "0.18.8",
      "resolved": "https://registry.npmjs.org/assemblyscript/-/assemblyscript-0.18.8.tgz",
      "integrity": "sha512-ZV5maIDGXCcAwh3dWzZeFM6ILa+QapMpJm/TxWYVBEEnNv/JmJy4wV9YhPzgUczKp1D5fee8ZwZuMcHTdWOB6w==",
      "dev": true,
      "dependencies": {
        "binaryen": "98.0.0-nightly.20210106",
        "long": "^4.0.0"
      },
      "bin": {
        "asc": "bin/asc",
        "asinit": "bin/asinit"
      },
      "funding": {
        "type": "opencollective",
        "url": "https://opencollective.com/assemblyscript"
      }
    },
    "node_modules/binaryen": {
      "version": "98.0.0-nightly.20210106",
      "resolved": "https://registry.npmjs.org/binaryen/-/binaryen-98.0.0-nightly.20210106.tgz",
      "integrity": "sha512-iunAgesqT9PXVYCc72FA4h0sCCKLifruT6NuUH63xqlFJGpChhZLgOtyIb/fIgTibN5Pd692cxfBViyCWFsJ9Q==",
      "dev": true,
      "bin": {
        "wasm-opt": "bin/wasm-opt"
      }
    },
    "node_modules/calla": {
      "resolved": "../Calla",
      "link": true
    },
    "node_modules/kudzu": {
      "resolved": "../Kudzu",
      "link": true
    },
    "node_modules/long": {
      "version": "4.0.0",
      "resolved": "https://registry.npmjs.org/long/-/long-4.0.0.tgz",
      "integrity": "sha512-XsP+KhQif4bjX1kbuSiySJFNAehNxgLb6hPRGJ9QsUr8ajHkuXGdrHmFUTUUXhDwVX2R5bY4JNZEwbUiMhV+MA==",
      "dev": true
    },
    "node_modules/my-rollup": {
      "resolved": "../MyRollup",
      "link": true
    },
    "node_modules/rollup-plugin-assemblyscript": {
      "version": "1.3.0",
      "resolved": "https://registry.npmjs.org/rollup-plugin-assemblyscript/-/rollup-plugin-assemblyscript-1.3.0.tgz",
      "integrity": "sha512-RWA5xbRZkIayYW/QzqWloFxUi+Gsiv0wvb3OjzvVFZF0O/7y40dp13ET9a0k1DwOqTOUiruSDhCVK4U73H0dIA==",
      "dev": true,
      "peerDependencies": {
        "assemblyscript": "*"
      }
    },
    "node_modules/typescript": {
      "version": "4.1.5",
      "resolved": "https://registry.npmjs.org/typescript/-/typescript-4.1.5.tgz",
      "integrity": "sha512-6OSu9PTIzmn9TCDiovULTnET6BgXtDYL4Gg4szY+cGsc3JP1dQL8qvE8kShTRx1NIw4Q9IBHlwODjkjWEtMUyA==",
      "dev": true,
      "bin": {
        "tsc": "bin/tsc",
        "tsserver": "bin/tsserver"
      },
      "engines": {
        "node": ">=4.2.0"
      }
    }
  },
  "dependencies": {
    "@types/node": {
      "version": "14.14.27",
      "resolved": "https://registry.npmjs.org/@types/node/-/node-14.14.27.tgz",
      "integrity": "sha512-Ecfmo4YDQPwuqTCl1yBxLV5ihKfRlkBmzUEDcfIRvDxOTGQEeikr317Ln7Gcv0tjA8dVgKI3rniqW2G1OyKDng=="
    },
    "assemblyscript": {
      "version": "0.18.8",
      "resolved": "https://registry.npmjs.org/assemblyscript/-/assemblyscript-0.18.8.tgz",
      "integrity": "sha512-ZV5maIDGXCcAwh3dWzZeFM6ILa+QapMpJm/TxWYVBEEnNv/JmJy4wV9YhPzgUczKp1D5fee8ZwZuMcHTdWOB6w==",
      "dev": true,
      "requires": {
        "binaryen": "98.0.0-nightly.20210106",
        "long": "^4.0.0"
      }
    },
    "binaryen": {
      "version": "98.0.0-nightly.20210106",
      "resolved": "https://registry.npmjs.org/binaryen/-/binaryen-98.0.0-nightly.20210106.tgz",
      "integrity": "sha512-iunAgesqT9PXVYCc72FA4h0sCCKLifruT6NuUH63xqlFJGpChhZLgOtyIb/fIgTibN5Pd692cxfBViyCWFsJ9Q==",
      "dev": true
    },
    "calla": {
      "version": "file:../Calla",
      "requires": {
        "gl-matrix": "^3.3.0",
        "kudzu": "file:../Kudzu",
        "my-rollup": "file:../MyRollup",
        "typescript": "^4.1.3"
      }
    },
    "kudzu": {
      "version": "file:../Kudzu",
      "requires": {
        "gl-matrix": "^3.3.0",
        "typescript": "^4.1.3"
      }
    },
    "long": {
      "version": "4.0.0",
      "resolved": "https://registry.npmjs.org/long/-/long-4.0.0.tgz",
      "integrity": "sha512-XsP+KhQif4bjX1kbuSiySJFNAehNxgLb6hPRGJ9QsUr8ajHkuXGdrHmFUTUUXhDwVX2R5bY4JNZEwbUiMhV+MA==",
      "dev": true
    },
    "my-rollup": {
      "version": "file:../MyRollup",
      "requires": {
        "@rollup/plugin-commonjs": "^17.1.0",
        "@rollup/plugin-json": "^4.1.0",
        "@rollup/plugin-node-resolve": "^11.1.1",
        "@rollup/plugin-replace": "^2.3.4",
        "rollup": "^2.38.5",
        "rollup-plugin-glslify": "^1.2.0",
        "rollup-plugin-sourcemaps": "^0.6.3",
        "rollup-plugin-terser": "^7.0.2"
      }
    },
    "rollup-plugin-assemblyscript": {
      "version": "1.3.0",
      "resolved": "https://registry.npmjs.org/rollup-plugin-assemblyscript/-/rollup-plugin-assemblyscript-1.3.0.tgz",
      "integrity": "sha512-RWA5xbRZkIayYW/QzqWloFxUi+Gsiv0wvb3OjzvVFZF0O/7y40dp13ET9a0k1DwOqTOUiruSDhCVK4U73H0dIA==",
      "dev": true,
      "requires": {}
    },
    "typescript": {
      "version": "4.1.5",
      "resolved": "https://registry.npmjs.org/typescript/-/typescript-4.1.5.tgz",
      "integrity": "sha512-6OSu9PTIzmn9TCDiovULTnET6BgXtDYL4Gg4szY+cGsc3JP1dQL8qvE8kShTRx1NIw4Q9IBHlwODjkjWEtMUyA==",
      "dev": true
    }
  }
}
