{
  "name": "primrose",
  "version": "1.1.7",
  "lockfileVersion": 2,
  "requires": true,
  "packages": {
    "": {
      "name": "primrose",
      "version": "1.1.7",
      "license": "MIT",
      "dependencies": {
        "kudzu": "file:../Kudzu"
      },
      "devDependencies": {
        "my-rollup": "file:../MyRollup",
        "typescript": "4.2.3"
      }
    },
    "../Kudzu": {
      "name": "kudzu",
      "version": "1.0.0",
      "dependencies": {
        "gl-matrix": "^3.3.0"
      },
      "devDependencies": {
        "typescript": "4.2.3"
      }
    },
    "../MyRollup": {
      "name": "my-rollup",
      "version": "1.0.0",
      "dev": true,
      "dependencies": {
        "@rollup/plugin-commonjs": "18.0.0-1",
        "@rollup/plugin-json": "^4.1.0",
        "@rollup/plugin-node-resolve": "11.2.0",
        "@rollup/plugin-replace": "2.4.1",
        "rollup": "2.42.4",
        "rollup-plugin-delete": "^2.0.0",
        "rollup-plugin-glslify": "^1.2.0",
        "rollup-plugin-sourcemaps": "^0.6.3",
        "rollup-plugin-terser": "^7.0.2"
      }
    },
    "node_modules/kudzu": {
      "resolved": "../Kudzu",
      "link": true
    },
    "node_modules/my-rollup": {
      "resolved": "../MyRollup",
      "link": true
    },
    "node_modules/typescript": {
      "version": "4.2.3",
      "resolved": "https://registry.npmjs.org/typescript/-/typescript-4.2.3.tgz",
      "integrity": "sha512-qOcYwxaByStAWrBf4x0fibwZvMRG+r4cQoTjbPtUlrWjBHbmCAww1i448U0GJ+3cNNEtebDteo/cHOR3xJ4wEw==",
      "dev": true,
      "bin": {
        "tsc": "bin/tsc",
        "tsserver": "bin/tsserver"
      },
      "engines": {
        "node": ">=4.2.0"
      }
    }
  },
  "dependencies": {
    "kudzu": {
      "version": "file:../Kudzu",
      "requires": {
        "gl-matrix": "^3.3.0",
        "typescript": "4.2.3"
      }
    },
    "my-rollup": {
      "version": "file:../MyRollup",
      "requires": {
        "@rollup/plugin-commonjs": "18.0.0-1",
        "@rollup/plugin-json": "^4.1.0",
        "@rollup/plugin-node-resolve": "11.2.0",
        "@rollup/plugin-replace": "2.4.1",
        "rollup": "2.42.4",
        "rollup-plugin-delete": "^2.0.0",
        "rollup-plugin-glslify": "^1.2.0",
        "rollup-plugin-sourcemaps": "^0.6.3",
        "rollup-plugin-terser": "^7.0.2"
      }
    },
    "typescript": {
      "version": "4.2.3",
      "resolved": "https://registry.npmjs.org/typescript/-/typescript-4.2.3.tgz",
      "integrity": "sha512-qOcYwxaByStAWrBf4x0fibwZvMRG+r4cQoTjbPtUlrWjBHbmCAww1i448U0GJ+3cNNEtebDteo/cHOR3xJ4wEw==",
      "dev": true
    }
  }
}
